// !$*UTF8*$!
{
	archiveVersion = 1;
	classes = {
	};
	objectVersion = 50;
	objects = {

/* Begin PBXBuildFile section */
		B011518E26D37ADD009413F7 /* AppDelegate.swift in Sources */ = {isa = PBXBuildFile; fileRef = B011518D26D37ADD009413F7 /* AppDelegate.swift */; };
		B011519026D37ADD009413F7 /* SceneDelegate.swift in Sources */ = {isa = PBXBuildFile; fileRef = B011518F26D37ADD009413F7 /* SceneDelegate.swift */; };
		B011519226D37ADD009413F7 /* ViewController.swift in Sources */ = {isa = PBXBuildFile; fileRef = B011519126D37ADD009413F7 /* ViewController.swift */; };
		B011519526D37ADD009413F7 /* Main.storyboard in Resources */ = {isa = PBXBuildFile; fileRef = B011519326D37ADD009413F7 /* Main.storyboard */; };
		B011519726D37ADD009413F7 /* Assets.xcassets in Resources */ = {isa = PBXBuildFile; fileRef = B011519626D37ADD009413F7 /* Assets.xcassets */; };
		B011519A26D37ADD009413F7 /* LaunchScreen.storyboard in Resources */ = {isa = PBXBuildFile; fileRef = B011519826D37ADD009413F7 /* LaunchScreen.storyboard */; };
		B01151A526D37ADE009413F7 /* calculatorTests.swift in Sources */ = {isa = PBXBuildFile; fileRef = B01151A426D37ADE009413F7 /* calculatorTests.swift */; };
		B01151B026D37ADE009413F7 /* calculatorUITests.swift in Sources */ = {isa = PBXBuildFile; fileRef = B01151AF26D37ADE009413F7 /* calculatorUITests.swift */; };
/* End PBXBuildFile section */

/* Begin PBXContainerItemProxy section */
		B01151A126D37ADE009413F7 /* PBXContainerItemProxy */ = {
			isa = PBXContainerItemProxy;
			containerPortal = B011518226D37ADD009413F7 /* Project object */;
			proxyType = 1;
			remoteGlobalIDString = B011518926D37ADD009413F7;
			remoteInfo = calculator;
		};
		B01151AC26D37ADE009413F7 /* PBXContainerItemProxy */ = {
			isa = PBXContainerItemProxy;
			containerPortal = B011518226D37ADD009413F7 /* Project object */;
			proxyType = 1;
			remoteGlobalIDString = B011518926D37ADD009413F7;
			remoteInfo = calculator;
		};
/* End PBXContainerItemProxy section */

/* Begin PBXFileReference section */
		B011518A26D37ADD009413F7 /* calculator.app */ = {isa = PBXFileReference; explicitFileType = wrapper.application; includeInIndex = 0; path = calculator.app; sourceTree = BUILT_PRODUCTS_DIR; };
		B011518D26D37ADD009413F7 /* AppDelegate.swift */ = {isa = PBXFileReference; lastKnownFileType = sourcecode.swift; path = AppDelegate.swift; sourceTree = "<group>"; };
		B011518F26D37ADD009413F7 /* SceneDelegate.swift */ = {isa = PBXFileReference; lastKnownFileType = sourcecode.swift; path = SceneDelegate.swift; sourceTree = "<group>"; };
		B011519126D37ADD009413F7 /* ViewController.swift */ = {isa = PBXFileReference; lastKnownFileType = sourcecode.swift; path = ViewController.swift; sourceTree = "<group>"; };
		B011519426D37ADD009413F7 /* Base */ = {isa = PBXFileReference; lastKnownFileType = file.storyboard; name = Base; path = Base.lproj/Main.storyboard; sourceTree = "<group>"; };
		B011519626D37ADD009413F7 /* Assets.xcassets */ = {isa = PBXFileReference; lastKnownFileType = folder.assetcatalog; path = Assets.xcassets; sourceTree = "<group>"; };
		B011519926D37ADD009413F7 /* Base */ = {isa = PBXFileReference; lastKnownFileType = file.storyboard; name = Base; path = Base.lproj/LaunchScreen.storyboard; sourceTree = "<group>"; };
		B011519B26D37ADD009413F7 /* Info.plist */ = {isa = PBXFileReference; lastKnownFileType = text.plist.xml; path = Info.plist; sourceTree = "<group>"; };
		B01151A026D37ADE009413F7 /* calculatorTests.xctest */ = {isa = PBXFileReference; explicitFileType = wrapper.cfbundle; includeInIndex = 0; path = calculatorTests.xctest; sourceTree = BUILT_PRODUCTS_DIR; };
		B01151A426D37ADE009413F7 /* calculatorTests.swift */ = {isa = PBXFileReference; lastKnownFileType = sourcecode.swift; path = calculatorTests.swift; sourceTree = "<group>"; };
		B01151A626D37ADE009413F7 /* Info.plist */ = {isa = PBXFileReference; lastKnownFileType = text.plist.xml; path = Info.plist; sourceTree = "<group>"; };
		B01151AB26D37ADE009413F7 /* calculatorUITests.xctest */ = {isa = PBXFileReference; explicitFileType = wrapper.cfbundle; includeInIndex = 0; path = calculatorUITests.xctest; sourceTree = BUILT_PRODUCTS_DIR; };
		B01151AF26D37ADE009413F7 /* calculatorUITests.swift */ = {isa = PBXFileReference; lastKnownFileType = sourcecode.swift; path = calculatorUITests.swift; sourceTree = "<group>"; };
		B01151B126D37ADE009413F7 /* Info.plist */ = {isa = PBXFileReference; lastKnownFileType = text.plist.xml; path = Info.plist; sourceTree = "<group>"; };
/* End PBXFileReference section */

/* Begin PBXFrameworksBuildPhase section */
		B011518726D37ADD009413F7 /* Frameworks */ = {
			isa = PBXFrameworksBuildPhase;
			buildActionMask = 2147483647;
			files = (
			);
			runOnlyForDeploymentPostprocessing = 0;
		};
		B011519D26D37ADE009413F7 /* Frameworks */ = {
			isa = PBXFrameworksBuildPhase;
			buildActionMask = 2147483647;
			files = (
			);
			runOnlyForDeploymentPostprocessing = 0;
		};
		B01151A826D37ADE009413F7 /* Frameworks */ = {
			isa = PBXFrameworksBuildPhase;
			buildActionMask = 2147483647;
			files = (
			);
			runOnlyForDeploymentPostprocessing = 0;
		};
/* End PBXFrameworksBuildPhase section */

/* Begin PBXGroup section */
		B011518126D37ADD009413F7 = {
			isa = PBXGroup;
			children = (
				B011518C26D37ADD009413F7 /* calculator */,
				B01151A326D37ADE009413F7 /* calculatorTests */,
				B01151AE26D37ADE009413F7 /* calculatorUITests */,
				B011518B26D37ADD009413F7 /* Products */,
			);
			sourceTree = "<group>";
		};
		B011518B26D37ADD009413F7 /* Products */ = {
			isa = PBXGroup;
			children = (
				B011518A26D37ADD009413F7 /* calculator.app */,
				B01151A026D37ADE009413F7 /* calculatorTests.xctest */,
				B01151AB26D37ADE009413F7 /* calculatorUITests.xctest */,
			);
			name = Products;
			sourceTree = "<group>";
		};
		B011518C26D37ADD009413F7 /* calculator */ = {
			isa = PBXGroup;
			children = (
				B011518D26D37ADD009413F7 /* AppDelegate.swift */,
				B011518F26D37ADD009413F7 /* SceneDelegate.swift */,
				B011519126D37ADD009413F7 /* ViewController.swift */,
				B011519326D37ADD009413F7 /* Main.storyboard */,
				B011519626D37ADD009413F7 /* Assets.xcassets */,
				B011519826D37ADD009413F7 /* LaunchScreen.storyboard */,
				B011519B26D37ADD009413F7 /* Info.plist */,
			);
			path = calculator;
			sourceTree = "<group>";
		};
		B01151A326D37ADE009413F7 /* calculatorTests */ = {
			isa = PBXGroup;
			children = (
				B01151A426D37ADE009413F7 /* calculatorTests.swift */,
				B01151A626D37ADE009413F7 /* Info.plist */,
			);
			path = calculatorTests;
			sourceTree = "<group>";
		};
		B01151AE26D37ADE009413F7 /* calculatorUITests */ = {
			isa = PBXGroup;
			children = (
				B01151AF26D37ADE009413F7 /* calculatorUITests.swift */,
				B01151B126D37ADE009413F7 /* Info.plist */,
			);
			path = calculatorUITests;
			sourceTree = "<group>";
		};
/* End PBXGroup section */

/* Begin PBXNativeTarget section */
		B011518926D37ADD009413F7 /* calculator */ = {
			isa = PBXNativeTarget;
			buildConfigurationList = B01151B426D37ADE009413F7 /* Build configuration list for PBXNativeTarget "calculator" */;
			buildPhases = (
				B011518626D37ADD009413F7 /* Sources */,
				B011518726D37ADD009413F7 /* Frameworks */,
				B011518826D37ADD009413F7 /* Resources */,
			);
			buildRules = (
			);
			dependencies = (
			);
			name = calculator;
			productName = calculator;
			productReference = B011518A26D37ADD009413F7 /* calculator.app */;
			productType = "com.apple.product-type.application";
		};
		B011519F26D37ADE009413F7 /* calculatorTests */ = {
			isa = PBXNativeTarget;
			buildConfigurationList = B01151B726D37ADE009413F7 /* Build configuration list for PBXNativeTarget "calculatorTests" */;
			buildPhases = (
				B011519C26D37ADE009413F7 /* Sources */,
				B011519D26D37ADE009413F7 /* Frameworks */,
				B011519E26D37ADE009413F7 /* Resources */,
			);
			buildRules = (
			);
			dependencies = (
				B01151A226D37ADE009413F7 /* PBXTargetDependency */,
			);
			name = calculatorTests;
			productName = calculatorTests;
			productReference = B01151A026D37ADE009413F7 /* calculatorTests.xctest */;
			productType = "com.apple.product-type.bundle.unit-test";
		};
		B01151AA26D37ADE009413F7 /* calculatorUITests */ = {
			isa = PBXNativeTarget;
			buildConfigurationList = B01151BA26D37ADE009413F7 /* Build configuration list for PBXNativeTarget "calculatorUITests" */;
			buildPhases = (
				B01151A726D37ADE009413F7 /* Sources */,
				B01151A826D37ADE009413F7 /* Frameworks */,
				B01151A926D37ADE009413F7 /* Resources */,
			);
			buildRules = (
			);
			dependencies = (
				B01151AD26D37ADE009413F7 /* PBXTargetDependency */,
			);
			name = calculatorUITests;
			productName = calculatorUITests;
			productReference = B01151AB26D37ADE009413F7 /* calculatorUITests.xctest */;
			productType = "com.apple.product-type.bundle.ui-testing";
		};
/* End PBXNativeTarget section */

/* Begin PBXProject section */
		B011518226D37ADD009413F7 /* Project object */ = {
			isa = PBXProject;
			attributes = {
				LastSwiftUpdateCheck = 1250;
				LastUpgradeCheck = 1250;
				TargetAttributes = {
					B011518926D37ADD009413F7 = {
						CreatedOnToolsVersion = 12.5;
					};
					B011519F26D37ADE009413F7 = {
						CreatedOnToolsVersion = 12.5;
						TestTargetID = B011518926D37ADD009413F7;
					};
					B01151AA26D37ADE009413F7 = {
						CreatedOnToolsVersion = 12.5;
						TestTargetID = B011518926D37ADD009413F7;
					};
				};
			};
			buildConfigurationList = B011518526D37ADD009413F7 /* Build configuration list for PBXProject "calculator" */;
			compatibilityVersion = "Xcode 9.3";
			developmentRegion = en;
			hasScannedForEncodings = 0;
			knownRegions = (
				en,
				Base,
			);
			mainGroup = B011518126D37ADD009413F7;
			productRefGroup = B011518B26D37ADD009413F7 /* Products */;
			projectDirPath = "";
			projectRoot = "";
			targets = (
				B011518926D37ADD009413F7 /* calculator */,
				B011519F26D37ADE009413F7 /* calculatorTests */,
				B01151AA26D37ADE009413F7 /* calculatorUITests */,
			);
		};
/* End PBXProject section */

/* Begin PBXResourcesBuildPhase section */
		B011518826D37ADD009413F7 /* Resources */ = {
			isa = PBXResourcesBuildPhase;
			buildActionMask = 2147483647;
			files = (
				B011519A26D37ADD009413F7 /* LaunchScreen.storyboard in Resources */,
				B011519726D37ADD009413F7 /* Assets.xcassets in Resources */,
				B011519526D37ADD009413F7 /* Main.storyboard in Resources */,
			);
			runOnlyForDeploymentPostprocessing = 0;
		};
		B011519E26D37ADE009413F7 /* Resources */ = {
			isa = PBXResourcesBuildPhase;
			buildActionMask = 2147483647;
			files = (
			);
			runOnlyForDeploymentPostprocessing = 0;
		};
		B01151A926D37ADE009413F7 /* Resources */ = {
			isa = PBXResourcesBuildPhase;
			buildActionMask = 2147483647;
			files = (
			);
			runOnlyForDeploymentPostprocessing = 0;
		};
/* End PBXResourcesBuildPhase section */

/* Begin PBXSourcesBuildPhase section */
		B011518626D37ADD009413F7 /* Sources */ = {
			isa = PBXSourcesBuildPhase;
			buildActionMask = 2147483647;
			files = (
				B011519226D37ADD009413F7 /* ViewController.swift in Sources */,
				B011518E26D37ADD009413F7 /* AppDelegate.swift in Sources */,
				B011519026D37ADD009413F7 /* SceneDelegate.swift in Sources */,
			);
			runOnlyForDeploymentPostprocessing = 0;
		};
		B011519C26D37ADE009413F7 /* Sources */ = {
			isa = PBXSourcesBuildPhase;
			buildActionMask = 2147483647;
			files = (
				B01151A526D37ADE009413F7 /* calculatorTests.swift in Sources */,
			);
			runOnlyForDeploymentPostprocessing = 0;
		};
		B01151A726D37ADE009413F7 /* Sources */ = {
			isa = PBXSourcesBuildPhase;
			buildActionMask = 2147483647;
			files = (
				B01151B026D37ADE009413F7 /* calculatorUITests.swift in Sources */,
			);
			runOnlyForDeploymentPostprocessing = 0;
		};
/* End PBXSourcesBuildPhase section */

/* Begin PBXTargetDependency section */
		B01151A226D37ADE009413F7 /* PBXTargetDependency */ = {
			isa = PBXTargetDependency;
			target = B011518926D37ADD009413F7 /* calculator */;
			targetProxy = B01151A126D37ADE009413F7 /* PBXContainerItemProxy */;
		};
		B01151AD26D37ADE009413F7 /* PBXTargetDependency */ = {
			isa = PBXTargetDependency;
			target = B011518926D37ADD009413F7 /* calculator */;
			targetProxy = B01151AC26D37ADE009413F7 /* PBXContainerItemProxy */;
		};
/* End PBXTargetDependency section */

/* Begin PBXVariantGroup section */
		B011519326D37ADD009413F7 /* Main.storyboard */ = {
			isa = PBXVariantGroup;
			children = (
				B011519426D37ADD009413F7 /* Base */,
			);
			name = Main.storyboard;
			sourceTree = "<group>";
		};
		B011519826D37ADD009413F7 /* LaunchScreen.storyboard */ = {
			isa = PBXVariantGroup;
			children = (
				B011519926D37ADD009413F7 /* Base */,
			);
			name = LaunchScreen.storyboard;
			sourceTree = "<group>";
		};
/* End PBXVariantGroup section */

/* Begin XCBuildConfiguration section */
		B01151B226D37ADE009413F7 /* Debug */ = {
			isa = XCBuildConfiguration;
			buildSettings = {
				ALWAYS_SEARCH_USER_PATHS = NO;
				CLANG_ANALYZER_NONNULL = YES;
				CLANG_ANALYZER_NUMBER_OBJECT_CONVERSION = YES_AGGRESSIVE;
				CLANG_CXX_LANGUAGE_STANDARD = "gnu++14";
				CLANG_CXX_LIBRARY = "libc++";
				CLANG_ENABLE_MODULES = YES;
				CLANG_ENABLE_OBJC_ARC = YES;
				CLANG_ENABLE_OBJC_WEAK = YES;
				CLANG_WARN_BLOCK_CAPTURE_AUTORELEASING = YES;
				CLANG_WARN_BOOL_CONVERSION = YES;
				CLANG_WARN_COMMA = YES;
				CLANG_WARN_CONSTANT_CONVERSION = YES;
				CLANG_WARN_DEPRECATED_OBJC_IMPLEMENTATIONS = YES;
				CLANG_WARN_DIRECT_OBJC_ISA_USAGE = YES_ERROR;
				CLANG_WARN_DOCUMENTATION_COMMENTS = YES;
				CLANG_WARN_EMPTY_BODY = YES;
				CLANG_WARN_ENUM_CONVERSION = YES;
				CLANG_WARN_INFINITE_RECURSION = YES;
				CLANG_WARN_INT_CONVERSION = YES;
				CLANG_WARN_NON_LITERAL_NULL_CONVERSION = YES;
				CLANG_WARN_OBJC_IMPLICIT_RETAIN_SELF = YES;
				CLANG_WARN_OBJC_LITERAL_CONVERSION = YES;
				CLANG_WARN_OBJC_ROOT_CLASS = YES_ERROR;
				CLANG_WARN_QUOTED_INCLUDE_IN_FRAMEWORK_HEADER = YES;
				CLANG_WARN_RANGE_LOOP_ANALYSIS = YES;
				CLANG_WARN_STRICT_PROTOTYPES = YES;
				CLANG_WARN_SUSPICIOUS_MOVE = YES;
				CLANG_WARN_UNGUARDED_AVAILABILITY = YES_AGGRESSIVE;
				CLANG_WARN_UNREACHABLE_CODE = YES;
				CLANG_WARN__DUPLICATE_METHOD_MATCH = YES;
				COPY_PHASE_STRIP = NO;
				DEBUG_INFORMATION_FORMAT = dwarf;
				ENABLE_STRICT_OBJC_MSGSEND = YES;
				ENABLE_TESTABILITY = YES;
				GCC_C_LANGUAGE_STANDARD = gnu11;
				GCC_DYNAMIC_NO_PIC = NO;
				GCC_NO_COMMON_BLOCKS = YES;
				GCC_OPTIMIZATION_LEVEL = 0;
				GCC_PREPROCESSOR_DEFINITIONS = (
					"DEBUG=1",
					"$(inherited)",
				);
				GCC_WARN_64_TO_32_BIT_CONVERSION = YES;
				GCC_WARN_ABOUT_RETURN_TYPE = YES_ERROR;
				GCC_WARN_UNDECLARED_SELECTOR = YES;
				GCC_WARN_UNINITIALIZED_AUTOS = YES_AGGRESSIVE;
				GCC_WARN_UNUSED_FUNCTION = YES;
				GCC_WARN_UNUSED_VARIABLE = YES;
				IPHONEOS_DEPLOYMENT_TARGET = 14.5;
				MTL_ENABLE_DEBUG_INFO = INCLUDE_SOURCE;
				MTL_FAST_MATH = YES;
				ONLY_ACTIVE_ARCH = YES;
				SDKROOT = iphoneos;
				SWIFT_ACTIVE_COMPILATION_CONDITIONS = DEBUG;
				SWIFT_OPTIMIZATION_LEVEL = "-Onone";
			};
			name = Debug;
		};
		B01151B326D37ADE009413F7 /* Release */ = {
			isa = XCBuildConfiguration;
			buildSettings = {
				ALWAYS_SEARCH_USER_PATHS = NO;
				CLANG_ANALYZER_NONNULL = YES;
				CLANG_ANALYZER_NUMBER_OBJECT_CONVERSION = YES_AGGRESSIVE;
				CLANG_CXX_LANGUAGE_STANDARD = "gnu++14";
				CLANG_CXX_LIBRARY = "libc++";
				CLANG_ENABLE_MODULES = YES;
				CLANG_ENABLE_OBJC_ARC = YES;
				CLANG_ENABLE_OBJC_WEAK = YES;
				CLANG_WARN_BLOCK_CAPTURE_AUTORELEASING = YES;
				CLANG_WARN_BOOL_CONVERSION = YES;
				CLANG_WARN_COMMA = YES;
				CLANG_WARN_CONSTANT_CONVERSION = YES;
				CLANG_WARN_DEPRECATED_OBJC_IMPLEMENTATIONS = YES;
				CLANG_WARN_DIRECT_OBJC_ISA_USAGE = YES_ERROR;
				CLANG_WARN_DOCUMENTATION_COMMENTS = YES;
				CLANG_WARN_EMPTY_BODY = YES;
				CLANG_WARN_ENUM_CONVERSION = YES;
				CLANG_WARN_INFINITE_RECURSION = YES;
				CLANG_WARN_INT_CONVERSION = YES;
				CLANG_WARN_NON_LITERAL_NULL_CONVERSION = YES;
				CLANG_WARN_OBJC_IMPLICIT_RETAIN_SELF = YES;
				CLANG_WARN_OBJC_LITERAL_CONVERSION = YES;
				CLANG_WARN_OBJC_ROOT_CLASS = YES_ERROR;
				CLANG_WARN_QUOTED_INCLUDE_IN_FRAMEWORK_HEADER = YES;
				CLANG_WARN_RANGE_LOOP_ANALYSIS = YES;
				CLANG_WARN_STRICT_PROTOTYPES = YES;
				CLANG_WARN_SUSPICIOUS_MOVE = YES;
				CLANG_WARN_UNGUARDED_AVAILABILITY = YES_AGGRESSIVE;
				CLANG_WARN_UNREACHABLE_CODE = YES;
				CLANG_WARN__DUPLICATE_METHOD_MATCH = YES;
				COPY_PHASE_STRIP = NO;
				DEBUG_INFORMATION_FORMAT = "dwarf-with-dsym";
				ENABLE_NS_ASSERTIONS = NO;
				ENABLE_STRICT_OBJC_MSGSEND = YES;
				GCC_C_LANGUAGE_STANDARD = gnu11;
				GCC_NO_COMMON_BLOCKS = YES;
				GCC_WARN_64_TO_32_BIT_CONVERSION = YES;
				GCC_WARN_ABOUT_RETURN_TYPE = YES_ERROR;
				GCC_WARN_UNDECLARED_SELECTOR = YES;
				GCC_WARN_UNINITIALIZED_AUTOS = YES_AGGRESSIVE;
				GCC_WARN_UNUSED_FUNCTION = YES;
				GCC_WARN_UNUSED_VARIABLE = YES;
				IPHONEOS_DEPLOYMENT_TARGET = 14.5;
				MTL_ENABLE_DEBUG_INFO = NO;
				MTL_FAST_MATH = YES;
				SDKROOT = iphoneos;
				SWIFT_COMPILATION_MODE = wholemodule;
				SWIFT_OPTIMIZATION_LEVEL = "-O";
				VALIDATE_PRODUCT = YES;
			};
			name = Release;
		};
		B01151B526D37ADE009413F7 /* Debug */ = {
			isa = XCBuildConfiguration;
			buildSettings = {
				ASSETCATALOG_COMPILER_APPICON_NAME = AppIcon;
				ASSETCATALOG_COMPILER_GLOBAL_ACCENT_COLOR_NAME = AccentColor;
				CODE_SIGN_STYLE = Automatic;
				INFOPLIST_FILE = calculator/Info.plist;
				LD_RUNPATH_SEARCH_PATHS = (
					"$(inherited)",
					"@executable_path/Frameworks",
				);
				PRODUCT_BUNDLE_IDENTIFIER = hhhh.calculator;
				PRODUCT_NAME = "$(TARGET_NAME)";
				SWIFT_VERSION = 5.0;
				TARGETED_DEVICE_FAMILY = "1,2";
			};
			name = Debug;
		};
		B01151B626D37ADE009413F7 /* Release */ = {
			isa = XCBuildConfiguration;
			buildSettings = {
				ASSETCATALOG_COMPILER_APPICON_NAME = AppIcon;
				ASSETCATALOG_COMPILER_GLOBAL_ACCENT_COLOR_NAME = AccentColor;
				CODE_SIGN_STYLE = Automatic;
				INFOPLIST_FILE = calculator/Info.plist;
				LD_RUNPATH_SEARCH_PATHS = (
					"$(inherited)",
					"@executable_path/Frameworks",
				);
				PRODUCT_BUNDLE_IDENTIFIER = hhhh.calculator;
				PRODUCT_NAME = "$(TARGET_NAME)";
				SWIFT_VERSION = 5.0;
				TARGETED_DEVICE_FAMILY = "1,2";
			};
			name = Release;
		};
		B01151B826D37ADE009413F7 /* Debug */ = {
			isa = XCBuildConfiguration;
			buildSettings = {
				ALWAYS_EMBED_SWIFT_STANDARD_LIBRARIES = YES;
				BUNDLE_LOADER = "$(TEST_HOST)";
				CODE_SIGN_STYLE = Automatic;
				INFOPLIST_FILE = calculatorTests/Info.plist;
				IPHONEOS_DEPLOYMENT_TARGET = 14.5;
				LD_RUNPATH_SEARCH_PATHS = (
					"$(inherited)",
					"@executable_path/Frameworks",
					"@loader_path/Frameworks",
				);
				PRODUCT_BUNDLE_IDENTIFIER = hhhh.calculatorTests;
				PRODUCT_NAME = "$(TARGET_NAME)";
				SWIFT_VERSION = 5.0;
				TARGETED_DEVICE_FAMILY = "1,2";
				TEST_HOST = "$(BUILT_PRODUCTS_DIR)/calculator.app/calculator";
			};
			name = Debug;
		};
		B01151B926D37ADE009413F7 /* Release */ = {
			isa = XCBuildConfiguration;
			buildSettings = {
				ALWAYS_EMBED_SWIFT_STANDARD_LIBRARIES = YES;
				BUNDLE_LOADER = "$(TEST_HOST)";
				CODE_SIGN_STYLE = Automatic;
				INFOPLIST_FILE = calculatorTests/Info.plist;
				IPHONEOS_DEPLOYMENT_TARGET = 14.5;
				LD_RUNPATH_SEARCH_PATHS = (
					"$(inherited)",
					"@executable_path/Frameworks",
					"@loader_path/Frameworks",
				);
				PRODUCT_BUNDLE_IDENTIFIER = hhhh.calculatorTests;
				PRODUCT_NAME = "$(TARGET_NAME)";
				SWIFT_VERSION = 5.0;
				TARGETED_DEVICE_FAMILY = "1,2";
				TEST_HOST = "$(BUILT_PRODUCTS_DIR)/calculator.app/calculator";
			};
			name = Release;
		};
		B01151BB26D37ADE009413F7 /* Debug */ = {
			isa = XCBuildConfiguration;
			buildSettings = {
				ALWAYS_EMBED_SWIFT_STANDARD_LIBRARIES = YES;
				CODE_SIGN_STYLE = Automatic;
				INFOPLIST_FILE = calculatorUITests/Info.plist;
				LD_RUNPATH_SEARCH_PATHS = (
					"$(inherited)",
					"@executable_path/Frameworks",
					"@loader_path/Frameworks",
				);
				PRODUCT_BUNDLE_IDENTIFIER = hhhh.calculatorUITests;
				PRODUCT_NAME = "$(TARGET_NAME)";
				SWIFT_VERSION = 5.0;
				TARGETED_DEVICE_FAMILY = "1,2";
				TEST_TARGET_NAME = calculator;
			};
			name = Debug;
		};
		B01151BC26D37ADE009413F7 /* Release */ = {
			isa = XCBuildConfiguration;
			buildSettings = {
				ALWAYS_EMBED_SWIFT_STANDARD_LIBRARIES = YES;
				CODE_SIGN_STYLE = Automatic;
				INFOPLIST_FILE = calculatorUITests/Info.plist;
				LD_RUNPATH_SEARCH_PATHS = (
					"$(inherited)",
					"@executable_path/Frameworks",
					"@loader_path/Frameworks",
				);
				PRODUCT_BUNDLE_IDENTIFIER = hhhh.calculatorUITests;
				PRODUCT_NAME = "$(TARGET_NAME)";
				SWIFT_VERSION = 5.0;
				TARGETED_DEVICE_FAMILY = "1,2";
				TEST_TARGET_NAME = calculator;
			};
			name = Release;
		};
/* End XCBuildConfiguration section */

/* Begin XCConfigurationList section */
		B011518526D37ADD009413F7 /* Build configuration list for PBXProject "calculator" */ = {
			isa = XCConfigurationList;
			buildConfigurations = (
				B01151B226D37ADE009413F7 /* Debug */,
				B01151B326D37ADE009413F7 /* Release */,
			);
			defaultConfigurationIsVisible = 0;
			defaultConfigurationName = Release;
		};
		B01151B426D37ADE009413F7 /* Build configuration list for PBXNativeTarget "calculator" */ = {
			isa = XCConfigurationList;
			buildConfigurations = (
				B01151B526D37ADE009413F7 /* Debug */,
				B01151B626D37ADE009413F7 /* Release */,
			);
			defaultConfigurationIsVisible = 0;
			defaultConfigurationName = Release;
		};
		B01151B726D37ADE009413F7 /* Build configuration list for PBXNativeTarget "calculatorTests" */ = {
			isa = XCConfigurationList;
			buildConfigurations = (
				B01151B826D37ADE009413F7 /* Debug */,
				B01151B926D37ADE009413F7 /* Release */,
			);
			defaultConfigurationIsVisible = 0;
			defaultConfigurationName = Release;
		};
		B01151BA26D37ADE009413F7 /* Build configuration list for PBXNativeTarget "calculatorUITests" */ = {
			isa = XCConfigurationList;
			buildConfigurations = (
				B01151BB26D37ADE009413F7 /* Debug */,
				B01151BC26D37ADE009413F7 /* Release */,
			);
			defaultConfigurationIsVisible = 0;
			defaultConfigurationName = Release;
		};
/* End XCConfigurationList section */
	};
	rootObject = B011518226D37ADD009413F7 /* Project object */;
}
